
Microsoft Visual Studio Solution File, Format Version 12.00
# Visual Studio Version 16
VisualStudioVersion = 16.0.32802.440
MinimumVisualStudioVersion = 10.0.40219.1
Project("{FAE04EC0-301F-11D3-BF4B-00C04F79EFBC}") = "Minggu8", "Minggu8\Minggu8.csproj", "{EDD78BA4-1F82-4AB9-B4E3-C1C91E891AD8}"
EndProject
Global
	GlobalSection(SolutionConfigurationPlatforms) = preSolution
		Debug|Any CPU = Debug|Any CPU
		Release|Any CPU = Release|Any CPU
	EndGlobalSection
	GlobalSection(ProjectConfigurationPlatforms) = postSolution
		{EDD78BA4-1F82-4AB9-B4E3-C1C91E891AD8}.Debug|Any CPU.ActiveCfg = Debug|Any CPU
		{EDD78BA4-1F82-4AB9-B4E3-C1C91E891AD8}.Debug|Any CPU.Build.0 = Debug|Any CPU
		{EDD78BA4-1F82-4AB9-B4E3-C1C91E891AD8}.Release|Any CPU.ActiveCfg = Release|Any CPU
		{EDD78BA4-1F82-4AB9-B4E3-C1C91E891AD8}.Release|Any CPU.Build.0 = Release|Any CPU
	EndGlobalSection
	GlobalSection(SolutionProperties) = preSolution
		HideSolutionNode = FALSE
	EndGlobalSection
	GlobalSection(ExtensibilityGlobals) = postSolution
		SolutionGuid = {96A3E4D6-3E83-4549-99A9-4C34E3180D2F}
	EndGlobalSection
EndGlobal
